
Microsoft Visual Studio Solution File, Format Version 12.00
# Visual Studio Version 16
VisualStudioVersion = 16.0.30804.86
MinimumVisualStudioVersion = 10.0.40219.1
Project("{9A19103F-16F7-4668-BE54-9A1E7A4F7556}") = "HunterPie.Core", "HunterPie.Core\HunterPie.Core.csproj", "{B3812FA7-1E9B-4000-873D-705ED13F88E6}"
EndProject
Project("{9A19103F-16F7-4668-BE54-9A1E7A4F7556}") = "HunterPie.UI", "HunterPie.UI\HunterPie.UI.csproj", "{B29F7A61-B966-48FA-B57E-A324036A80EC}"
EndProject
Project("{9A19103F-16F7-4668-BE54-9A1E7A4F7556}") = "HunterPie.Core.Tests", "HunterPie.Core.Tests\HunterPie.Core.Tests.csproj", "{767EEF70-71F6-47F9-A9EF-4A29B0F0E70E}"
EndProject
Project("{9A19103F-16F7-4668-BE54-9A1E7A4F7556}") = "HunterPie", "HunterPie\HunterPie.csproj", "{B9B4028A-2B5B-45C1-9F57-926B3968A7A2}"
EndProject
Global
	GlobalSection(SolutionConfigurationPlatforms) = preSolution
		Debug|Any CPU = Debug|Any CPU
		Debug|x64 = Debug|x64
		Debug|x86 = Debug|x86
		Deploy|Any CPU = Deploy|Any CPU
		Deploy|x64 = Deploy|x64
		Deploy|x86 = Deploy|x86
		Release|Any CPU = Release|Any CPU
		Release|x64 = Release|x64
		Release|x86 = Release|x86
	EndGlobalSection
	GlobalSection(ProjectConfigurationPlatforms) = postSolution
		{B3812FA7-1E9B-4000-873D-705ED13F88E6}.Debug|Any CPU.ActiveCfg = Debug|Any CPU
		{B3812FA7-1E9B-4000-873D-705ED13F88E6}.Debug|Any CPU.Build.0 = Debug|Any CPU
		{B3812FA7-1E9B-4000-873D-705ED13F88E6}.Debug|x64.ActiveCfg = Debug|Any CPU
		{B3812FA7-1E9B-4000-873D-705ED13F88E6}.Debug|x64.Build.0 = Debug|Any CPU
		{B3812FA7-1E9B-4000-873D-705ED13F88E6}.Debug|x86.ActiveCfg = Debug|Any CPU
		{B3812FA7-1E9B-4000-873D-705ED13F88E6}.Debug|x86.Build.0 = Debug|Any CPU
		{B3812FA7-1E9B-4000-873D-705ED13F88E6}.Deploy|Any CPU.ActiveCfg = Release|Any CPU
		{B3812FA7-1E9B-4000-873D-705ED13F88E6}.Deploy|Any CPU.Build.0 = Release|Any CPU
		{B3812FA7-1E9B-4000-873D-705ED13F88E6}.Deploy|x64.ActiveCfg = Deploy|Any CPU
		{B3812FA7-1E9B-4000-873D-705ED13F88E6}.Deploy|x64.Build.0 = Deploy|Any CPU
		{B3812FA7-1E9B-4000-873D-705ED13F88E6}.Deploy|x86.ActiveCfg = Deploy|Any CPU
		{B3812FA7-1E9B-4000-873D-705ED13F88E6}.Deploy|x86.Build.0 = Deploy|Any CPU
		{B3812FA7-1E9B-4000-873D-705ED13F88E6}.Release|Any CPU.ActiveCfg = Release|Any CPU
		{B3812FA7-1E9B-4000-873D-705ED13F88E6}.Release|Any CPU.Build.0 = Release|Any CPU
		{B3812FA7-1E9B-4000-873D-705ED13F88E6}.Release|x64.ActiveCfg = Release|Any CPU
		{B3812FA7-1E9B-4000-873D-705ED13F88E6}.Release|x64.Build.0 = Release|Any CPU
		{B3812FA7-1E9B-4000-873D-705ED13F88E6}.Release|x86.ActiveCfg = Release|Any CPU
		{B3812FA7-1E9B-4000-873D-705ED13F88E6}.Release|x86.Build.0 = Release|Any CPU
		{B29F7A61-B966-48FA-B57E-A324036A80EC}.Debug|Any CPU.ActiveCfg = Debug|Any CPU
		{B29F7A61-B966-48FA-B57E-A324036A80EC}.Debug|Any CPU.Build.0 = Debug|Any CPU
		{B29F7A61-B966-48FA-B57E-A324036A80EC}.Debug|x64.ActiveCfg = Debug|Any CPU
		{B29F7A61-B966-48FA-B57E-A324036A80EC}.Debug|x64.Build.0 = Debug|Any CPU
		{B29F7A61-B966-48FA-B57E-A324036A80EC}.Debug|x86.ActiveCfg = Debug|Any CPU
		{B29F7A61-B966-48FA-B57E-A324036A80EC}.Debug|x86.Build.0 = Debug|Any CPU
		{B29F7A61-B966-48FA-B57E-A324036A80EC}.Deploy|Any CPU.ActiveCfg = Release|Any CPU
		{B29F7A61-B966-48FA-B57E-A324036A80EC}.Deploy|Any CPU.Build.0 = Release|Any CPU
		{B29F7A61-B966-48FA-B57E-A324036A80EC}.Deploy|x64.ActiveCfg = Debug|Any CPU
		{B29F7A61-B966-48FA-B57E-A324036A80EC}.Deploy|x64.Build.0 = Debug|Any CPU
		{B29F7A61-B966-48FA-B57E-A324036A80EC}.Deploy|x86.ActiveCfg = Debug|Any CPU
		{B29F7A61-B966-48FA-B57E-A324036A80EC}.Deploy|x86.Build.0 = Debug|Any CPU
		{B29F7A61-B966-48FA-B57E-A324036A80EC}.Release|Any CPU.ActiveCfg = Release|Any CPU
		{B29F7A61-B966-48FA-B57E-A324036A80EC}.Release|Any CPU.Build.0 = Release|Any CPU
		{B29F7A61-B966-48FA-B57E-A324036A80EC}.Release|x64.ActiveCfg = Release|Any CPU
		{B29F7A61-B966-48FA-B57E-A324036A80EC}.Release|x64.Build.0 = Release|Any CPU
		{B29F7A61-B966-48FA-B57E-A324036A80EC}.Release|x86.ActiveCfg = Release|Any CPU
		{B29F7A61-B966-48FA-B57E-A324036A80EC}.Release|x86.Build.0 = Release|Any CPU
		{767EEF70-71F6-47F9-A9EF-4A29B0F0E70E}.Debug|Any CPU.ActiveCfg = Debug|Any CPU
		{767EEF70-71F6-47F9-A9EF-4A29B0F0E70E}.Debug|Any CPU.Build.0 = Debug|Any CPU
		{767EEF70-71F6-47F9-A9EF-4A29B0F0E70E}.Debug|x64.ActiveCfg = Debug|Any CPU
		{767EEF70-71F6-47F9-A9EF-4A29B0F0E70E}.Debug|x64.Build.0 = Debug|Any CPU
		{767EEF70-71F6-47F9-A9EF-4A29B0F0E70E}.Debug|x86.ActiveCfg = Debug|Any CPU
		{767EEF70-71F6-47F9-A9EF-4A29B0F0E70E}.Debug|x86.Build.0 = Debug|Any CPU
		{767EEF70-71F6-47F9-A9EF-4A29B0F0E70E}.Deploy|Any CPU.ActiveCfg = Release|Any CPU
		{767EEF70-71F6-47F9-A9EF-4A29B0F0E70E}.Deploy|Any CPU.Build.0 = Release|Any CPU
		{767EEF70-71F6-47F9-A9EF-4A29B0F0E70E}.Deploy|x64.ActiveCfg = Debug|Any CPU
		{767EEF70-71F6-47F9-A9EF-4A29B0F0E70E}.Deploy|x64.Build.0 = Debug|Any CPU
		{767EEF70-71F6-47F9-A9EF-4A29B0F0E70E}.Deploy|x86.ActiveCfg = Debug|Any CPU
		{767EEF70-71F6-47F9-A9EF-4A29B0F0E70E}.Deploy|x86.Build.0 = Debug|Any CPU
		{767EEF70-71F6-47F9-A9EF-4A29B0F0E70E}.Release|Any CPU.ActiveCfg = Release|Any CPU
		{767EEF70-71F6-47F9-A9EF-4A29B0F0E70E}.Release|Any CPU.Build.0 = Release|Any CPU
		{767EEF70-71F6-47F9-A9EF-4A29B0F0E70E}.Release|x64.ActiveCfg = Release|Any CPU
		{767EEF70-71F6-47F9-A9EF-4A29B0F0E70E}.Release|x64.Build.0 = Release|Any CPU
		{767EEF70-71F6-47F9-A9EF-4A29B0F0E70E}.Release|x86.ActiveCfg = Release|Any CPU
		{767EEF70-71F6-47F9-A9EF-4A29B0F0E70E}.Release|x86.Build.0 = Release|Any CPU
		{B9B4028A-2B5B-45C1-9F57-926B3968A7A2}.Debug|Any CPU.ActiveCfg = Debug|Any CPU
		{B9B4028A-2B5B-45C1-9F57-926B3968A7A2}.Debug|Any CPU.Build.0 = Debug|Any CPU
		{B9B4028A-2B5B-45C1-9F57-926B3968A7A2}.Debug|x64.ActiveCfg = Debug|Any CPU
		{B9B4028A-2B5B-45C1-9F57-926B3968A7A2}.Debug|x64.Build.0 = Debug|Any CPU
		{B9B4028A-2B5B-45C1-9F57-926B3968A7A2}.Debug|x86.ActiveCfg = Debug|Any CPU
		{B9B4028A-2B5B-45C1-9F57-926B3968A7A2}.Debug|x86.Build.0 = Debug|Any CPU
		{B9B4028A-2B5B-45C1-9F57-926B3968A7A2}.Deploy|Any CPU.ActiveCfg = Release|Any CPU
		{B9B4028A-2B5B-45C1-9F57-926B3968A7A2}.Deploy|Any CPU.Build.0 = Release|Any CPU
		{B9B4028A-2B5B-45C1-9F57-926B3968A7A2}.Deploy|x64.ActiveCfg = Debug|Any CPU
		{B9B4028A-2B5B-45C1-9F57-926B3968A7A2}.Deploy|x64.Build.0 = Debug|Any CPU
		{B9B4028A-2B5B-45C1-9F57-926B3968A7A2}.Deploy|x86.ActiveCfg = Debug|Any CPU
		{B9B4028A-2B5B-45C1-9F57-926B3968A7A2}.Deploy|x86.Build.0 = Debug|Any CPU
		{B9B4028A-2B5B-45C1-9F57-926B3968A7A2}.Release|Any CPU.ActiveCfg = Release|Any CPU
		{B9B4028A-2B5B-45C1-9F57-926B3968A7A2}.Release|Any CPU.Build.0 = Release|Any CPU
		{B9B4028A-2B5B-45C1-9F57-926B3968A7A2}.Release|x64.ActiveCfg = Release|Any CPU
		{B9B4028A-2B5B-45C1-9F57-926B3968A7A2}.Release|x64.Build.0 = Release|Any CPU
		{B9B4028A-2B5B-45C1-9F57-926B3968A7A2}.Release|x86.ActiveCfg = Release|Any CPU
		{B9B4028A-2B5B-45C1-9F57-926B3968A7A2}.Release|x86.Build.0 = Release|Any CPU
	EndGlobalSection
	GlobalSection(SolutionProperties) = preSolution
		HideSolutionNode = FALSE
	EndGlobalSection
	GlobalSection(ExtensibilityGlobals) = postSolution
		BuildVersion_StartDate = 2000/1/1
		SolutionGuid = {9BF75590-F213-418A-8657-32D49F05BD13}
	EndGlobalSection
EndGlobal
